// !$*UTF8*$!
{
	archiveVersion = 1;
	classes = {
	};
	objectVersion = 46;
	objects = {

/* Begin PBXBuildFile section */
		92BB5C02CBCA93A87441879D /* Pods_RainOrShine.framework in Frameworks */ = {isa = PBXBuildFile; fileRef = 361E926F1051E4EC10409769 /* Pods_RainOrShine.framework */; };
		D52811E21E511F1F002D8DC0 /* Forecast.swift in Sources */ = {isa = PBXBuildFile; fileRef = D52811E11E511F1F002D8DC0 /* Forecast.swift */; };
		D52811E41E553885002D8DC0 /* WeatherCell.swift in Sources */ = {isa = PBXBuildFile; fileRef = D52811E31E553885002D8DC0 /* WeatherCell.swift */; };
		D52811E61E567C46002D8DC0 /* location.swift in Sources */ = {isa = PBXBuildFile; fileRef = D52811E51E567C46002D8DC0 /* location.swift */; };
		D535A2B21E44075C00A7B080 /* AppDelegate.swift in Sources */ = {isa = PBXBuildFile; fileRef = D535A2B11E44075C00A7B080 /* AppDelegate.swift */; };
		D535A2B41E44075C00A7B080 /* WeatherVC.swift in Sources */ = {isa = PBXBuildFile; fileRef = D535A2B31E44075C00A7B080 /* WeatherVC.swift */; };
		D535A2B71E44075C00A7B080 /* Main.storyboard in Resources */ = {isa = PBXBuildFile; fileRef = D535A2B51E44075C00A7B080 /* Main.storyboard */; };
		D535A2B91E44075C00A7B080 /* Assets.xcassets in Resources */ = {isa = PBXBuildFile; fileRef = D535A2B81E44075C00A7B080 /* Assets.xcassets */; };
		D535A2BC1E44075C00A7B080 /* LaunchScreen.storyboard in Resources */ = {isa = PBXBuildFile; fileRef = D535A2BA1E44075C00A7B080 /* LaunchScreen.storyboard */; };
		D5D3F9DE1E4BE99200E52E21 /* Constants.swift in Sources */ = {isa = PBXBuildFile; fileRef = D5D3F9DD1E4BE99200E52E21 /* Constants.swift */; };
		D5FEF54A1E4BF0ED009B5D31 /* CurrentData.swift in Sources */ = {isa = PBXBuildFile; fileRef = D5FEF5491E4BF0ED009B5D31 /* CurrentData.swift */; };
/* End PBXBuildFile section */

/* Begin PBXFileReference section */
		361E926F1051E4EC10409769 /* Pods_RainOrShine.framework */ = {isa = PBXFileReference; explicitFileType = wrapper.framework; includeInIndex = 0; path = Pods_RainOrShine.framework; sourceTree = BUILT_PRODUCTS_DIR; };
		9C0A3E73F416D708DF565844 /* Pods-RainOrShine.debug.xcconfig */ = {isa = PBXFileReference; includeInIndex = 1; lastKnownFileType = text.xcconfig; name = "Pods-RainOrShine.debug.xcconfig"; path = "Pods/Target Support Files/Pods-RainOrShine/Pods-RainOrShine.debug.xcconfig"; sourceTree = "<group>"; };
		A4C32FCAFAE7A8EB0C284CB6 /* Pods-RainOrShine.release.xcconfig */ = {isa = PBXFileReference; includeInIndex = 1; lastKnownFileType = text.xcconfig; name = "Pods-RainOrShine.release.xcconfig"; path = "Pods/Target Support Files/Pods-RainOrShine/Pods-RainOrShine.release.xcconfig"; sourceTree = "<group>"; };
		D52811E11E511F1F002D8DC0 /* Forecast.swift */ = {isa = PBXFileReference; fileEncoding = 4; lastKnownFileType = sourcecode.swift; path = Forecast.swift; sourceTree = "<group>"; };
		D52811E31E553885002D8DC0 /* WeatherCell.swift */ = {isa = PBXFileReference; fileEncoding = 4; lastKnownFileType = sourcecode.swift; path = WeatherCell.swift; sourceTree = "<group>"; };
		D52811E51E567C46002D8DC0 /* location.swift */ = {isa = PBXFileReference; fileEncoding = 4; lastKnownFileType = sourcecode.swift; path = location.swift; sourceTree = "<group>"; };
		D535A2AE1E44075C00A7B080 /* RainOrShine.app */ = {isa = PBXFileReference; explicitFileType = wrapper.application; includeInIndex = 0; path = RainOrShine.app; sourceTree = BUILT_PRODUCTS_DIR; };
		D535A2B11E44075C00A7B080 /* AppDelegate.swift */ = {isa = PBXFileReference; lastKnownFileType = sourcecode.swift; path = AppDelegate.swift; sourceTree = "<group>"; };
		D535A2B31E44075C00A7B080 /* WeatherVC.swift */ = {isa = PBXFileReference; lastKnownFileType = sourcecode.swift; path = WeatherVC.swift; sourceTree = "<group>"; };
		D535A2B61E44075C00A7B080 /* Base */ = {isa = PBXFileReference; lastKnownFileType = file.storyboard; name = Base; path = Base.lproj/Main.storyboard; sourceTree = "<group>"; };
		D535A2B81E44075C00A7B080 /* Assets.xcassets */ = {isa = PBXFileReference; lastKnownFileType = folder.assetcatalog; path = Assets.xcassets; sourceTree = "<group>"; };
		D535A2BB1E44075C00A7B080 /* Base */ = {isa = PBXFileReference; lastKnownFileType = file.storyboard; name = Base; path = Base.lproj/LaunchScreen.storyboard; sourceTree = "<group>"; };
		D535A2BD1E44075C00A7B080 /* Info.plist */ = {isa = PBXFileReference; lastKnownFileType = text.plist.xml; path = Info.plist; sourceTree = "<group>"; };
		D5D3F9DD1E4BE99200E52E21 /* Constants.swift */ = {isa = PBXFileReference; fileEncoding = 4; lastKnownFileType = sourcecode.swift; path = Constants.swift; sourceTree = "<group>"; };
		D5FEF5491E4BF0ED009B5D31 /* CurrentData.swift */ = {isa = PBXFileReference; fileEncoding = 4; lastKnownFileType = sourcecode.swift; path = CurrentData.swift; sourceTree = "<group>"; };
/* End PBXFileReference section */

/* Begin PBXFrameworksBuildPhase section */
		D535A2AB1E44075C00A7B080 /* Frameworks */ = {
			isa = PBXFrameworksBuildPhase;
			buildActionMask = 2147483647;
			files = (
				92BB5C02CBCA93A87441879D /* Pods_RainOrShine.framework in Frameworks */,
			);
			runOnlyForDeploymentPostprocessing = 0;
		};
/* End PBXFrameworksBuildPhase section */

/* Begin PBXGroup section */
		61FF1E1F064D1561FB0FDC54 /* Frameworks */ = {
			isa = PBXGroup;
			children = (
				361E926F1051E4EC10409769 /* Pods_RainOrShine.framework */,
			);
			name = Frameworks;
			sourceTree = "<group>";
		};
		C92F23163BA2A4AE944C07C6 /* Pods */ = {
			isa = PBXGroup;
			children = (
				9C0A3E73F416D708DF565844 /* Pods-RainOrShine.debug.xcconfig */,
				A4C32FCAFAE7A8EB0C284CB6 /* Pods-RainOrShine.release.xcconfig */,
			);
			name = Pods;
			sourceTree = "<group>";
		};
		D535A2A51E44075C00A7B080 = {
			isa = PBXGroup;
			children = (
				D52811E51E567C46002D8DC0 /* location.swift */,
				D535A2B01E44075C00A7B080 /* RainOrShine */,
				D535A2AF1E44075C00A7B080 /* Products */,
				C92F23163BA2A4AE944C07C6 /* Pods */,
				61FF1E1F064D1561FB0FDC54 /* Frameworks */,
			);
			sourceTree = "<group>";
		};
		D535A2AF1E44075C00A7B080 /* Products */ = {
			isa = PBXGroup;
			children = (
				D535A2AE1E44075C00A7B080 /* RainOrShine.app */,
			);
			name = Products;
			sourceTree = "<group>";
		};
		D535A2B01E44075C00A7B080 /* RainOrShine */ = {
			isa = PBXGroup;
			children = (
				D5D3F9DC1E4A8C1B00E52E21 /* Controller */,
				D5D3F9DB1E4A8C1300E52E21 /* View */,
				D5D3F9DA1E4A8C0800E52E21 /* Model */,
				D535A2B11E44075C00A7B080 /* AppDelegate.swift */,
				D535A2B51E44075C00A7B080 /* Main.storyboard */,
				D535A2B81E44075C00A7B080 /* Assets.xcassets */,
				D535A2BA1E44075C00A7B080 /* LaunchScreen.storyboard */,
				D535A2BD1E44075C00A7B080 /* Info.plist */,
				D52811E31E553885002D8DC0 /* WeatherCell.swift */,
			);
			path = RainOrShine;
			sourceTree = "<group>";
		};
		D5D3F9DA1E4A8C0800E52E21 /* Model */ = {
			isa = PBXGroup;
			children = (
				D52811E11E511F1F002D8DC0 /* Forecast.swift */,
				D5D3F9DD1E4BE99200E52E21 /* Constants.swift */,
				D5FEF5491E4BF0ED009B5D31 /* CurrentData.swift */,
			);
			name = Model;
			sourceTree = "<group>";
		};
		D5D3F9DB1E4A8C1300E52E21 /* View */ = {
			isa = PBXGroup;
			children = (
			);
			name = View;
			sourceTree = "<group>";
		};
		D5D3F9DC1E4A8C1B00E52E21 /* Controller */ = {
			isa = PBXGroup;
			children = (
				D535A2B31E44075C00A7B080 /* WeatherVC.swift */,
			);
			name = Controller;
			sourceTree = "<group>";
		};
/* End PBXGroup section */

/* Begin PBXNativeTarget section */
		D535A2AD1E44075C00A7B080 /* RainOrShine */ = {
			isa = PBXNativeTarget;
			buildConfigurationList = D535A2C01E44075C00A7B080 /* Build configuration list for PBXNativeTarget "RainOrShine" */;
			buildPhases = (
				7125B55E60BBA09FB08FE5B7 /* [CP] Check Pods Manifest.lock */,
				D535A2AA1E44075C00A7B080 /* Sources */,
				D535A2AB1E44075C00A7B080 /* Frameworks */,
				D535A2AC1E44075C00A7B080 /* Resources */,
				629EE8F17ACF3E53E202C9A8 /* [CP] Embed Pods Frameworks */,
				F7A02F4B9EBBDFE99AC7F4D4 /* [CP] Copy Pods Resources */,
			);
			buildRules = (
			);
			dependencies = (
			);
			name = RainOrShine;
			productName = RainOrShine;
			productReference = D535A2AE1E44075C00A7B080 /* RainOrShine.app */;
			productType = "com.apple.product-type.application";
		};
/* End PBXNativeTarget section */

/* Begin PBXProject section */
		D535A2A61E44075C00A7B080 /* Project object */ = {
			isa = PBXProject;
			attributes = {
				LastSwiftUpdateCheck = 0820;
				LastUpgradeCheck = 0820;
				ORGANIZATIONNAME = HSI;
				TargetAttributes = {
					D535A2AD1E44075C00A7B080 = {
						CreatedOnToolsVersion = 8.2.1;
						DevelopmentTeam = AK4RWB2TUN;
						ProvisioningStyle = Automatic;
					};
				};
			};
			buildConfigurationList = D535A2A91E44075C00A7B080 /* Build configuration list for PBXProject "RainOrShine" */;
			compatibilityVersion = "Xcode 3.2";
			developmentRegion = English;
			hasScannedForEncodings = 0;
			knownRegions = (
				en,
				Base,
			);
			mainGroup = D535A2A51E44075C00A7B080;
			productRefGroup = D535A2AF1E44075C00A7B080 /* Products */;
			projectDirPath = "";
			projectRoot = "";
			targets = (
				D535A2AD1E44075C00A7B080 /* RainOrShine */,
			);
		};
/* End PBXProject section */

/* Begin PBXResourcesBuildPhase section */
		D535A2AC1E44075C00A7B080 /* Resources */ = {
			isa = PBXResourcesBuildPhase;
			buildActionMask = 2147483647;
			files = (
				D535A2BC1E44075C00A7B080 /* LaunchScreen.storyboard in Resources */,
				D535A2B91E44075C00A7B080 /* Assets.xcassets in Resources */,
				D535A2B71E44075C00A7B080 /* Main.storyboard in Resources */,
			);
			runOnlyForDeploymentPostprocessing = 0;
		};
/* End PBXResourcesBuildPhase section */

/* Begin PBXShellScriptBuildPhase section */
		629EE8F17ACF3E53E202C9A8 /* [CP] Embed Pods Frameworks */ = {
			isa = PBXShellScriptBuildPhase;
			buildActionMask = 2147483647;
			files = (
			);
			inputPaths = (
			);
			name = "[CP] Embed Pods Frameworks";
			outputPaths = (
			);
			runOnlyForDeploymentPostprocessing = 0;
			shellPath = /bin/sh;
			shellScript = "\"${SRCROOT}/Pods/Target Support Files/Pods-RainOrShine/Pods-RainOrShine-frameworks.sh\"\n";
			showEnvVarsInLog = 0;
		};
		7125B55E60BBA09FB08FE5B7 /* [CP] Check Pods Manifest.lock */ = {
			isa = PBXShellScriptBuildPhase;
			buildActionMask = 2147483647;
			files = (
			);
			inputPaths = (
			);
			name = "[CP] Check Pods Manifest.lock";
			outputPaths = (
			);
			runOnlyForDeploymentPostprocessing = 0;
			shellPath = /bin/sh;
			shellScript = "diff \"${PODS_ROOT}/../Podfile.lock\" \"${PODS_ROOT}/Manifest.lock\" > /dev/null\nif [ $? != 0 ] ; then\n    # print error to STDERR\n    echo \"error: The sandbox is not in sync with the Podfile.lock. Run 'pod install' or update your CocoaPods installation.\" >&2\n    exit 1\nfi\n";
			showEnvVarsInLog = 0;
		};
		F7A02F4B9EBBDFE99AC7F4D4 /* [CP] Copy Pods Resources */ = {
			isa = PBXShellScriptBuildPhase;
			buildActionMask = 2147483647;
			files = (
			);
			inputPaths = (
			);
			name = "[CP] Copy Pods Resources";
			outputPaths = (
			);
			runOnlyForDeploymentPostprocessing = 0;
			shellPath = /bin/sh;
			shellScript = "\"${SRCROOT}/Pods/Target Support Files/Pods-RainOrShine/Pods-RainOrShine-resources.sh\"\n";
			showEnvVarsInLog = 0;
		};
/* End PBXShellScriptBuildPhase section */

/* Begin PBXSourcesBuildPhase section */
		D535A2AA1E44075C00A7B080 /* Sources */ = {
			isa = PBXSourcesBuildPhase;
			buildActionMask = 2147483647;
			files = (
				D52811E61E567C46002D8DC0 /* location.swift in Sources */,
				D535A2B41E44075C00A7B080 /* WeatherVC.swift in Sources */,
				D5FEF54A1E4BF0ED009B5D31 /* CurrentData.swift in Sources */,
				D52811E41E553885002D8DC0 /* WeatherCell.swift in Sources */,
				D535A2B21E44075C00A7B080 /* AppDelegate.swift in Sources */,
				D5D3F9DE1E4BE99200E52E21 /* Constants.swift in Sources */,
				D52811E21E511F1F002D8DC0 /* Forecast.swift in Sources */,
			);
			runOnlyForDeploymentPostprocessing = 0;
		};
/* End PBXSourcesBuildPhase section */

/* Begin PBXVariantGroup section */
		D535A2B51E44075C00A7B080 /* Main.storyboard */ = {
			isa = PBXVariantGroup;
			children = (
				D535A2B61E44075C00A7B080 /* Base */,
			);
			name = Main.storyboard;
			sourceTree = "<group>";
		};
		D535A2BA1E44075C00A7B080 /* LaunchScreen.storyboard */ = {
			isa = PBXVariantGroup;
			children = (
				D535A2BB1E44075C00A7B080 /* Base */,
			);
			name = LaunchScreen.storyboard;
			sourceTree = "<group>";
		};
/* End PBXVariantGroup section */

/* Begin XCBuildConfiguration section */
		D535A2BE1E44075C00A7B080 /* Debug */ = {
			isa = XCBuildConfiguration;
			buildSettings = {
				ALWAYS_SEARCH_USER_PATHS = NO;
				CLANG_ANALYZER_NONNULL = YES;
				CLANG_CXX_LANGUAGE_STANDARD = "gnu++0x";
				CLANG_CXX_LIBRARY = "libc++";
				CLANG_ENABLE_MODULES = YES;
				CLANG_ENABLE_OBJC_ARC = YES;
				CLANG_WARN_BOOL_CONVERSION = YES;
				CLANG_WARN_CONSTANT_CONVERSION = YES;
				CLANG_WARN_DIRECT_OBJC_ISA_USAGE = YES_ERROR;
				CLANG_WARN_DOCUMENTATION_COMMENTS = YES;
				CLANG_WARN_EMPTY_BODY = YES;
				CLANG_WARN_ENUM_CONVERSION = YES;
				CLANG_WARN_INFINITE_RECURSION = YES;
				CLANG_WARN_INT_CONVERSION = YES;
				CLANG_WARN_OBJC_ROOT_CLASS = YES_ERROR;
				CLANG_WARN_SUSPICIOUS_MOVE = YES;
				CLANG_WARN_UNREACHABLE_CODE = YES;
				CLANG_WARN__DUPLICATE_METHOD_MATCH = YES;
				"CODE_SIGN_IDENTITY[sdk=iphoneos*]" = "iPhone Developer";
				COPY_PHASE_STRIP = NO;
				DEBUG_INFORMATION_FORMAT = dwarf;
				ENABLE_STRICT_OBJC_MSGSEND = YES;
				ENABLE_TESTABILITY = YES;
				GCC_C_LANGUAGE_STANDARD = gnu99;
				GCC_DYNAMIC_NO_PIC = NO;
				GCC_NO_COMMON_BLOCKS = YES;
				GCC_OPTIMIZATION_LEVEL = 0;
				GCC_PREPROCESSOR_DEFINITIONS = (
					"DEBUG=1",
					"$(inherited)",
				);
				GCC_WARN_64_TO_32_BIT_CONVERSION = YES;
				GCC_WARN_ABOUT_RETURN_TYPE = YES_ERROR;
				GCC_WARN_UNDECLARED_SELECTOR = YES;
				GCC_WARN_UNINITIALIZED_AUTOS = YES_AGGRESSIVE;
				GCC_WARN_UNUSED_FUNCTION = YES;
				GCC_WARN_UNUSED_VARIABLE = YES;
				IPHONEOS_DEPLOYMENT_TARGET = 10.2;
				MTL_ENABLE_DEBUG_INFO = YES;
				ONLY_ACTIVE_ARCH = YES;
				SDKROOT = iphoneos;
				SWIFT_ACTIVE_COMPILATION_CONDITIONS = DEBUG;
				SWIFT_OPTIMIZATION_LEVEL = "-Onone";
			};
			name = Debug;
		};
		D535A2BF1E44075C00A7B080 /* Release */ = {
			isa = XCBuildConfiguration;
			buildSettings = {
				ALWAYS_SEARCH_USER_PATHS = NO;
				CLANG_ANALYZER_NONNULL = YES;
				CLANG_CXX_LANGUAGE_STANDARD = "gnu++0x";
				CLANG_CXX_LIBRARY = "libc++";
				CLANG_ENABLE_MODULES = YES;
				CLANG_ENABLE_OBJC_ARC = YES;
				CLANG_WARN_BOOL_CONVERSION = YES;
				CLANG_WARN_CONSTANT_CONVERSION = YES;
				CLANG_WARN_DIRECT_OBJC_ISA_USAGE = YES_ERROR;
				CLANG_WARN_DOCUMENTATION_COMMENTS = YES;
				CLANG_WARN_EMPTY_BODY = YES;
				CLANG_WARN_ENUM_CONVERSION = YES;
				CLANG_WARN_INFINITE_RECURSION = YES;
				CLANG_WARN_INT_CONVERSION = YES;
				CLANG_WARN_OBJC_ROOT_CLASS = YES_ERROR;
				CLANG_WARN_SUSPICIOUS_MOVE = YES;
				CLANG_WARN_UNREACHABLE_CODE = YES;
				CLANG_WARN__DUPLICATE_METHOD_MATCH = YES;
				"CODE_SIGN_IDENTITY[sdk=iphoneos*]" = "iPhone Developer";
				COPY_PHASE_STRIP = NO;
				DEBUG_INFORMATION_FORMAT = "dwarf-with-dsym";
				ENABLE_NS_ASSERTIONS = NO;
				ENABLE_STRICT_OBJC_MSGSEND = YES;
				GCC_C_LANGUAGE_STANDARD = gnu99;
				GCC_NO_COMMON_BLOCKS = YES;
				GCC_WARN_64_TO_32_BIT_CONVERSION = YES;
				GCC_WARN_ABOUT_RETURN_TYPE = YES_ERROR;
				GCC_WARN_UNDECLARED_SELECTOR = YES;
				GCC_WARN_UNINITIALIZED_AUTOS = YES_AGGRESSIVE;
				GCC_WARN_UNUSED_FUNCTION = YES;
				GCC_WARN_UNUSED_VARIABLE = YES;
				IPHONEOS_DEPLOYMENT_TARGET = 10.2;
				MTL_ENABLE_DEBUG_INFO = NO;
				SDKROOT = iphoneos;
				SWIFT_OPTIMIZATION_LEVEL = "-Owholemodule";
				VALIDATE_PRODUCT = YES;
			};
			name = Release;
		};
		D535A2C11E44075C00A7B080 /* Debug */ = {
			isa = XCBuildConfiguration;
			baseConfigurationReference = 9C0A3E73F416D708DF565844 /* Pods-RainOrShine.debug.xcconfig */;
			buildSettings = {
				ASSETCATALOG_COMPILER_APPICON_NAME = AppIcon;
				DEVELOPMENT_TEAM = AK4RWB2TUN;
				INFOPLIST_FILE = RainOrShine/Info.plist;
				LD_RUNPATH_SEARCH_PATHS = "$(inherited) @executable_path/Frameworks";
				PRODUCT_BUNDLE_IDENTIFIER = com.default.RainOrShine;
				PRODUCT_NAME = "$(TARGET_NAME)";
				SWIFT_VERSION = 3.0;
			};
			name = Debug;
		};
		D535A2C21E44075C00A7B080 /* Release */ = {
			isa = XCBuildConfiguration;
			baseConfigurationReference = A4C32FCAFAE7A8EB0C284CB6 /* Pods-RainOrShine.release.xcconfig */;
			buildSettings = {
				ASSETCATALOG_COMPILER_APPICON_NAME = AppIcon;
				DEVELOPMENT_TEAM = AK4RWB2TUN;
				INFOPLIST_FILE = RainOrShine/Info.plist;
				LD_RUNPATH_SEARCH_PATHS = "$(inherited) @executable_path/Frameworks";
				PRODUCT_BUNDLE_IDENTIFIER = com.default.RainOrShine;
				PRODUCT_NAME = "$(TARGET_NAME)";
				SWIFT_VERSION = 3.0;
			};
			name = Release;
		};
/* End XCBuildConfiguration section */

/* Begin XCConfigurationList section */
		D535A2A91E44075C00A7B080 /* Build configuration list for PBXProject "RainOrShine" */ = {
			isa = XCConfigurationList;
			buildConfigurations = (
				D535A2BE1E44075C00A7B080 /* Debug */,
				D535A2BF1E44075C00A7B080 /* Release */,
			);
			defaultConfigurationIsVisible = 0;
			defaultConfigurationName = Release;
		};
		D535A2C01E44075C00A7B080 /* Build configuration list for PBXNativeTarget "RainOrShine" */ = {
			isa = XCConfigurationList;
			buildConfigurations = (
				D535A2C11E44075C00A7B080 /* Debug */,
				D535A2C21E44075C00A7B080 /* Release */,
			);
			defaultConfigurationIsVisible = 0;
			defaultConfigurationName = Release;
		};
/* End XCConfigurationList section */
	};
	rootObject = D535A2A61E44075C00A7B080 /* Project object */;
}
